
Microsoft Visual Studio Solution File, Format Version 12.00
# Visual Studio Version 17
VisualStudioVersion = 17.0.31612.314
MinimumVisualStudioVersion = 10.0.40219.1
Project("{FAE04EC0-301F-11D3-BF4B-00C04F79EFBC}") = "GetVoid", "GetVoid\GetVoid.csproj", "{3E560B63-5362-44A7-ADBB-469D8964D4E3}"
EndProject
Project("{FAE04EC0-301F-11D3-BF4B-00C04F79EFBC}") = "GetVoid.Tests", "GetVoid.Tests\GetVoid.Tests.csproj", "{0D4BF497-5E58-4C84-A880-08440C2A3956}"
EndProject
Global
	GlobalSection(SolutionConfigurationPlatforms) = preSolution
		Debug|Any CPU = Debug|Any CPU
		Release|Any CPU = Release|Any CPU
	EndGlobalSection
	GlobalSection(ProjectConfigurationPlatforms) = postSolution
		{3E560B63-5362-44A7-ADBB-469D8964D4E3}.Debug|Any CPU.ActiveCfg = Debug|Any CPU
		{3E560B63-5362-44A7-ADBB-469D8964D4E3}.Debug|Any CPU.Build.0 = Debug|Any CPU
		{3E560B63-5362-44A7-ADBB-469D8964D4E3}.Release|Any CPU.ActiveCfg = Release|Any CPU
		{3E560B63-5362-44A7-ADBB-469D8964D4E3}.Release|Any CPU.Build.0 = Release|Any CPU
		{0D4BF497-5E58-4C84-A880-08440C2A3956}.Debug|Any CPU.ActiveCfg = Debug|Any CPU
		{0D4BF497-5E58-4C84-A880-08440C2A3956}.Debug|Any CPU.Build.0 = Debug|Any CPU
		{0D4BF497-5E58-4C84-A880-08440C2A3956}.Release|Any CPU.ActiveCfg = Release|Any CPU
		{0D4BF497-5E58-4C84-A880-08440C2A3956}.Release|Any CPU.Build.0 = Release|Any CPU
	EndGlobalSection
	GlobalSection(SolutionProperties) = preSolution
		HideSolutionNode = FALSE
	EndGlobalSection
	GlobalSection(ExtensibilityGlobals) = postSolution
		SolutionGuid = {FA02A45A-C134-4159-BBC8-3009ED6E4DD9}
	EndGlobalSection
EndGlobal
